crawler.club/dl v0.0.0-20200622075740-2bbb15a2cf94 h1:8vuyB8j14xIrixp9tWSQ04D/m8fyXzCoim1cUhU3juY=
crawler.club/dl v0.0.0-20200622075740-2bbb15a2cf94/go.mod h1:UnhSaKtYQlEdkutiJ4UIwCNKxiFgs5/4WJgfIijiOUg=
github.com/abadojack/whatlanggo v1.0.1 h1:19N6YogDnf71CTHm3Mp2qhYfkRdyvbgwWdd2EPxJRG4=
github.com/abadojack/whatlanggo v1.0.1/go.mod h1:66WiQbSbJBIlOZMsvbKe5m6pzQovxCH9B/K8tQB2uoc=
github.com/axgle/mahonia v0.0.0-20180208002826-3358181d7394 h1:OYA+5W64v3OgClL+IrOD63t4i/RW7RqrAVl9LTZ9UqQ=
github.com/axgle/mahonia v0.0.0-20180208002826-3358181d7394/go.mod h1:Q8n74mJTIgjX4RBBcHnJ05h//6/k6foqmgE45jTQtxg=
github.com/crawlerclub/phonenumbers v0.0.0-20190808234718-a55ff4ee1a55 h1:S0TQygopRiCp7rZC4NxNUoU/OeOrgt05U7nstP64/Hs=
github.com/crawlerclub/phonenumbers v0.0.0-20190808234718-a55ff4ee1a55/go.mod h1:HTei1EILxmmDryUs76c0plwy2WrPnyejsdCiKmqtzR4=
github.com/davecgh/go-spew v1.1.1 h1:vj9j/u1bqnvCEfJOwUhtlOARqs3+rkHYY13jYWTU97c=
github.com/eknkc/basex v1.0.1 h1:TcyAkqh4oJXgV3WYyL4KEfCMk9W8oJCpmx1bo+jVgKY=
github.com/eknkc/basex v1.0.1/go.mod h1:k/F/exNEHFdbs3ZHuasoP2E7zeWwZblG84Y7Z59vQRo=
github.com/golang/glog v1.0.0 h1:nfP3RFugxnNRyKgeWd4oI1nYvXpxrx8ck8ZrcizshdQ=
github.com/golang/glog v1.0.0/go.mod h1:EWib/APOK0SL3dFbYqvxE3UYd8E6s1ouQ7iEp/0LWV4=
github.com/golang/protobuf v1.5.0/go.mod h1:FsONVRAS9T7sI+LIUmWTfcYkHO4aIWwzhcaSAoJOfIk=
github.com/golang/protobuf v1.5.2 h1:ROPKBNFfQgOUMifHyP+KYbvpjbdoFNs+aK7DXlji0Tw=
github.com/golang/protobuf v1.5.2/go.mod h1:XVQd3VNwM+JqD3oG2Ue2ip4fOMUkwXdXDdiuN0vRsmY=
github.com/google/go-cmp v0.5.5 h1:Khx7svrCpmxxtHBq5j2mp/xVjsi8hQMfNLvJFAlrGgU=
github.com/google/go-cmp v0.5.5/go.mod h1:v8dTdLbMG2kIc/vJvl+f65V22dbkXbowE6jgT/gNBxE=
github.com/juju/errors v1.0.0 h1:yiq7kjCLll1BiaRuNY53MGI0+EQ3rF6GB+wvboZDefM=
github.com/juju/errors v1.0.0/go.mod h1:B5x9thDqx0wIMH3+aLIMP9HjItInYWObRovoCFM5Qe8=
github.com/kr/pretty v0.2.1 h1:Fmg33tUaq4/8ym9TJN1x7sLJnHVwhP33CNkpYV/7rwI=
github.com/kr/text v0.2.0 h1:5Nx0Ya0ZqY2ygV366QzturHI13Jq95ApcVaJBhpS+AY=
github.com/liuzl/ip2loc v0.0.0-20171111140722-e0a8ae9f4e08 h1:scXl+Oj+HOskAWzbRA7cXCQBvraG4HG5LGqkvNXxyUw=
github.com/liuzl/ip2loc v0.0.0-20171111140722-e0a8ae9f4e08/go.mod h1:IAR+EzH6pU3KrdMN86GSbKUTzWc7OwaF0UyEC65YMsc=
github.com/liuzl/ip2tz v0.0.0-20200526084923-394e75c5d905 h1:kXiM1iYq75+X6D0XEcaF4KnyXIP05xXi0CuC1RGcX28=
github.com/liuzl/ip2tz v0.0.0-20200526084923-394e75c5d905/go.mod h1:hlX2CpKxqwkrAU6jFVggae2I4u2TV/qdnVVTYgG1RQw=
github.com/liuzl/parsetime v0.0.0-20210612110722-fe9d5d2c0a0f h1:/RWOMirJ6CR6TzqImhBev6QrLARiAFYzdITNog+w+Ds=
github.com/liuzl/parsetime v0.0.0-20210612110722-fe9d5d2c0a0f/go.mod h1:1B7I8yJNmo2rr9HYVOr0dY7Hbr3lSBRIvDtGLILGP+c=
github.com/pmezard/go-difflib v1.0.0 h1:4DBwDE0NGyQoBHbLQYPwSUPoCMWR5BEzIk/f1lZbAQM=
github.com/saintfish/chardet v0.0.0-20120816061221-3af4cd4741ca h1:NugYot0LIVPxTvN8n+Kvkn6TrbMyxQiuvKdEwFdR9vI=
github.com/saintfish/chardet v0.0.0-20120816061221-3af4cd4741ca/go.mod h1:uugorj2VCxiV1x+LzaIdVa9b4S4qGAcH6cbhh4qVxOU=
github.com/stretchr/testify v1.8.0 h1:pSgiaMZlXftHpm5L7V1+rVB+AZJydKsMxsQBIJw4PKk=
github.com/tkuchiki/go-timezone v0.2.2 h1:MdHR65KwgVTwWFQrota4SKzc4L5EfuH5SdZZGtk/P2Q=
github.com/tkuchiki/go-timezone v0.2.2/go.mod h1:oFweWxYl35C/s7HMVZXiA19Jr9Y0qJHMaG/J2TES4LY=
github.com/xgolib/tldextract v0.0.0-20221031030957-02f6001b2eaf h1:fMszw32zut05/k87uOsrC1R93rKg+LwjVsnjaVrxiQI=
github.com/xgolib/tldextract v0.0.0-20221031030957-02f6001b2eaf/go.mod h1:aKkrMxwYVPAX8gzThfKawjqhuLXwdbvOImSerz2l/T0=
golang.org/x/net v0.0.0-20220826154423-83b083e8dc8b h1:ZmngSVLe/wycRns9MKikG9OWIEjGcGAkacif7oYQaUY=
golang.org/x/net v0.0.0-20220826154423-83b083e8dc8b/go.mod h1:YDH+HFinaLZZlnHAfSS6ZXJJ9M9t4Dl22yv3iI2vPwk=
golang.org/x/xerrors v0.0.0-20191204190536-9bdfabe68543 h1:E7g+9GITq07hpfrRu66IVDexMakfv52eLZ2CXBWiKr4=
golang.org/x/xerrors v0.0.0-20191204190536-9bdfabe68543/go.mod h1:I/5z698sn9Ka8TeJc9MKroUUfqBBauWjQqLJ2OPfmY0=
google.golang.org/protobuf v1.26.0-rc.1/go.mod h1:jlhhOSvTdKEhbULTjvd4ARK9grFBp09yW+WbY/TyQbw=
google.golang.org/protobuf v1.26.0/go.mod h1:9q0QmTI4eRPtz6boOQmLYwt+qCgq0jsYwAQnmE0givc=
google.golang.org/protobuf v1.28.1 h1:d0NfwRgPtno5B1Wa6L2DAG+KivqkdutMf1UhdNx175w=
google.golang.org/protobuf v1.28.1/go.mod h1:HV8QOd/L58Z+nl8r43ehVNZIU/HEI6OcFqwMG9pJV4I=
gopkg.in/check.v1 v1.0.0-20201130134442-10cb98267c6c h1:Hei/4ADfdWqJk1ZMxUNpqntNwaWcugrBjAiHlqqRiVk=
gopkg.in/yaml.v3 v3.0.1 h1:fxVm/GzAzEWqLHuvctI91KS9hhNmmWOoWu0XTYJS7CA=
zliu.org/goutil v0.0.0-20220902023633-6fcbc3a43c89 h1:91pOnvABI1firRblKJEF+auogF0NsqSDSefEjrCPd/0=
zliu.org/goutil v0.0.0-20220902023633-6fcbc3a43c89/go.mod h1:Z7oA8jTnXTwZyxCPRxHkYK2oZK8eOH7FbXiW4RYLijI=
